// !$*UTF8*$!
{
	archiveVersion = 1;
	classes = {
	};
	objectVersion = 56;
	objects = {

/* Begin PBXBuildFile section */
		84014E4B2BC2C077004405E9 /* Location.swift in Sources */ = {isa = PBXBuildFile; fileRef = 84014E4A2BC2C077004405E9 /* Location.swift */; };
		84B901A62BC1FF2600A93605 /* UIView+Extension.swift in Sources */ = {isa = PBXBuildFile; fileRef = 84B901A52BC1FF2600A93605 /* UIView+Extension.swift */; };
		84B901A92BC2005D00A93605 /* TrackMapViewController.swift in Sources */ = {isa = PBXBuildFile; fileRef = 84B901A82BC2005D00A93605 /* TrackMapViewController.swift */; };
		84B901AB2BC2006700A93605 /* TrackMapViewModel.swift in Sources */ = {isa = PBXBuildFile; fileRef = 84B901AA2BC2006700A93605 /* TrackMapViewModel.swift */; };
		84B901AD2BC2007400A93605 /* TrackMapViewRouter.swift in Sources */ = {isa = PBXBuildFile; fileRef = 84B901AC2BC2007400A93605 /* TrackMapViewRouter.swift */; };
		84B901AF2BC2007F00A93605 /* TrackMapViewRoute.swift in Sources */ = {isa = PBXBuildFile; fileRef = 84B901AE2BC2007F00A93605 /* TrackMapViewRoute.swift */; };
		84B901B12BC2037500A93605 /* BaseNavigationController.swift in Sources */ = {isa = PBXBuildFile; fileRef = 84B901B02BC2037500A93605 /* BaseNavigationController.swift */; };
		84B901C42BC2942B00A93605 /* Int+Extension.swift in Sources */ = {isa = PBXBuildFile; fileRef = 84B901C32BC2942B00A93605 /* Int+Extension.swift */; };
		84B901C82BC296AF00A93605 /* LocationManager.swift in Sources */ = {isa = PBXBuildFile; fileRef = 84B901C72BC296AF00A93605 /* LocationManager.swift */; };
		84BB394A2BC1D34F0011170F /* AppDelegate.swift in Sources */ = {isa = PBXBuildFile; fileRef = 84BB39492BC1D34F0011170F /* AppDelegate.swift */; };
		84BB394E2BC1D34F0011170F /* SplashScreenViewController.swift in Sources */ = {isa = PBXBuildFile; fileRef = 84BB394D2BC1D34F0011170F /* SplashScreenViewController.swift */; };
		84BB39532BC1D3500011170F /* Assets.xcassets in Resources */ = {isa = PBXBuildFile; fileRef = 84BB39522BC1D3500011170F /* Assets.xcassets */; };
		84BB39612BC1D3500011170F /* TrackLocationTests.swift in Sources */ = {isa = PBXBuildFile; fileRef = 84BB39602BC1D3500011170F /* TrackLocationTests.swift */; };
		84BB396B2BC1D3500011170F /* TrackLocationUITests.swift in Sources */ = {isa = PBXBuildFile; fileRef = 84BB396A2BC1D3500011170F /* TrackLocationUITests.swift */; };
		84BB396D2BC1D3500011170F /* TrackLocationUITestsLaunchTests.swift in Sources */ = {isa = PBXBuildFile; fileRef = 84BB396C2BC1D3500011170F /* TrackLocationUITestsLaunchTests.swift */; };
		84BB397D2BC1DFFB0011170F /* SplashScreenViewModel.swift in Sources */ = {isa = PBXBuildFile; fileRef = 84BB397C2BC1DFFB0011170F /* SplashScreenViewModel.swift */; };
		84BB397F2BC1E00D0011170F /* SplashScreenRouter.swift in Sources */ = {isa = PBXBuildFile; fileRef = 84BB397E2BC1E00D0011170F /* SplashScreenRouter.swift */; };
		84BB39822BC1E0370011170F /* AppRoute.swift in Sources */ = {isa = PBXBuildFile; fileRef = 84BB39812BC1E0370011170F /* AppRoute.swift */; };
		84BB39862BC1E0640011170F /* BaseRouter.swift in Sources */ = {isa = PBXBuildFile; fileRef = 84BB39852BC1E0640011170F /* BaseRouter.swift */; };
		84BB39882BC1E0700011170F /* BaseViewController.swift in Sources */ = {isa = PBXBuildFile; fileRef = 84BB39872BC1E0700011170F /* BaseViewController.swift */; };
		84BB398A2BC1E0780011170F /* BaseViewModel.swift in Sources */ = {isa = PBXBuildFile; fileRef = 84BB39892BC1E0780011170F /* BaseViewModel.swift */; };
		84BB398C2BC1E08F0011170F /* BaseView.swift in Sources */ = {isa = PBXBuildFile; fileRef = 84BB398B2BC1E08F0011170F /* BaseView.swift */; };
		84BB398F2BC1E0BC0011170F /* ClosureHelper.swift in Sources */ = {isa = PBXBuildFile; fileRef = 84BB398E2BC1E0BC0011170F /* ClosureHelper.swift */; };
		84BB39912BC1E0E20011170F /* Transition.swift in Sources */ = {isa = PBXBuildFile; fileRef = 84BB39902BC1E0E20011170F /* Transition.swift */; };
		84BB39942BC1E1510011170F /* ModalTransition.swift in Sources */ = {isa = PBXBuildFile; fileRef = 84BB39932BC1E1510011170F /* ModalTransition.swift */; };
		84BB39962BC1E1AB0011170F /* PushTransition.swift in Sources */ = {isa = PBXBuildFile; fileRef = 84BB39952BC1E1AB0011170F /* PushTransition.swift */; };
		84BE17622BC353F500250DD8 /* UserDefaultsKeys.swift in Sources */ = {isa = PBXBuildFile; fileRef = 84BE17612BC353F500250DD8 /* UserDefaultsKeys.swift */; };
/* End PBXBuildFile section */

/* Begin PBXContainerItemProxy section */
		84BB395D2BC1D3500011170F /* PBXContainerItemProxy */ = {
			isa = PBXContainerItemProxy;
			containerPortal = 84BB393E2BC1D34F0011170F /* Project object */;
			proxyType = 1;
			remoteGlobalIDString = 84BB39452BC1D34F0011170F;
			remoteInfo = TrackLocation;
		};
		84BB39672BC1D3500011170F /* PBXContainerItemProxy */ = {
			isa = PBXContainerItemProxy;
			containerPortal = 84BB393E2BC1D34F0011170F /* Project object */;
			proxyType = 1;
			remoteGlobalIDString = 84BB39452BC1D34F0011170F;
			remoteInfo = TrackLocation;
		};
/* End PBXContainerItemProxy section */

/* Begin PBXFileReference section */
		84014E4A2BC2C077004405E9 /* Location.swift */ = {isa = PBXFileReference; lastKnownFileType = sourcecode.swift; path = Location.swift; sourceTree = "<group>"; };
		84B901A52BC1FF2600A93605 /* UIView+Extension.swift */ = {isa = PBXFileReference; lastKnownFileType = sourcecode.swift; path = "UIView+Extension.swift"; sourceTree = "<group>"; };
		84B901A82BC2005D00A93605 /* TrackMapViewController.swift */ = {isa = PBXFileReference; lastKnownFileType = sourcecode.swift; path = TrackMapViewController.swift; sourceTree = "<group>"; };
		84B901AA2BC2006700A93605 /* TrackMapViewModel.swift */ = {isa = PBXFileReference; lastKnownFileType = sourcecode.swift; path = TrackMapViewModel.swift; sourceTree = "<group>"; };
		84B901AC2BC2007400A93605 /* TrackMapViewRouter.swift */ = {isa = PBXFileReference; lastKnownFileType = sourcecode.swift; path = TrackMapViewRouter.swift; sourceTree = "<group>"; };
		84B901AE2BC2007F00A93605 /* TrackMapViewRoute.swift */ = {isa = PBXFileReference; lastKnownFileType = sourcecode.swift; path = TrackMapViewRoute.swift; sourceTree = "<group>"; };
		84B901B02BC2037500A93605 /* BaseNavigationController.swift */ = {isa = PBXFileReference; lastKnownFileType = sourcecode.swift; path = BaseNavigationController.swift; sourceTree = "<group>"; };
		84B901C32BC2942B00A93605 /* Int+Extension.swift */ = {isa = PBXFileReference; lastKnownFileType = sourcecode.swift; path = "Int+Extension.swift"; sourceTree = "<group>"; };
		84B901C72BC296AF00A93605 /* LocationManager.swift */ = {isa = PBXFileReference; lastKnownFileType = sourcecode.swift; path = LocationManager.swift; sourceTree = "<group>"; };
		84BB39462BC1D34F0011170F /* TrackLocation.app */ = {isa = PBXFileReference; explicitFileType = wrapper.application; includeInIndex = 0; path = TrackLocation.app; sourceTree = BUILT_PRODUCTS_DIR; };
		84BB39492BC1D34F0011170F /* AppDelegate.swift */ = {isa = PBXFileReference; lastKnownFileType = sourcecode.swift; path = AppDelegate.swift; sourceTree = "<group>"; };
		84BB394D2BC1D34F0011170F /* SplashScreenViewController.swift */ = {isa = PBXFileReference; lastKnownFileType = sourcecode.swift; path = SplashScreenViewController.swift; sourceTree = "<group>"; };
		84BB39522BC1D3500011170F /* Assets.xcassets */ = {isa = PBXFileReference; lastKnownFileType = folder.assetcatalog; path = Assets.xcassets; sourceTree = "<group>"; };
		84BB39572BC1D3500011170F /* Info.plist */ = {isa = PBXFileReference; lastKnownFileType = text.plist.xml; path = Info.plist; sourceTree = "<group>"; };
		84BB395C2BC1D3500011170F /* TrackLocationTests.xctest */ = {isa = PBXFileReference; explicitFileType = wrapper.cfbundle; includeInIndex = 0; path = TrackLocationTests.xctest; sourceTree = BUILT_PRODUCTS_DIR; };
		84BB39602BC1D3500011170F /* TrackLocationTests.swift */ = {isa = PBXFileReference; lastKnownFileType = sourcecode.swift; path = TrackLocationTests.swift; sourceTree = "<group>"; };
		84BB39662BC1D3500011170F /* TrackLocationUITests.xctest */ = {isa = PBXFileReference; explicitFileType = wrapper.cfbundle; includeInIndex = 0; path = TrackLocationUITests.xctest; sourceTree = BUILT_PRODUCTS_DIR; };
		84BB396A2BC1D3500011170F /* TrackLocationUITests.swift */ = {isa = PBXFileReference; lastKnownFileType = sourcecode.swift; path = TrackLocationUITests.swift; sourceTree = "<group>"; };
		84BB396C2BC1D3500011170F /* TrackLocationUITestsLaunchTests.swift */ = {isa = PBXFileReference; lastKnownFileType = sourcecode.swift; path = TrackLocationUITestsLaunchTests.swift; sourceTree = "<group>"; };
		84BB397C2BC1DFFB0011170F /* SplashScreenViewModel.swift */ = {isa = PBXFileReference; lastKnownFileType = sourcecode.swift; path = SplashScreenViewModel.swift; sourceTree = "<group>"; };
		84BB397E2BC1E00D0011170F /* SplashScreenRouter.swift */ = {isa = PBXFileReference; lastKnownFileType = sourcecode.swift; path = SplashScreenRouter.swift; sourceTree = "<group>"; };
		84BB39812BC1E0370011170F /* AppRoute.swift */ = {isa = PBXFileReference; lastKnownFileType = sourcecode.swift; path = AppRoute.swift; sourceTree = "<group>"; };
		84BB39852BC1E0640011170F /* BaseRouter.swift */ = {isa = PBXFileReference; lastKnownFileType = sourcecode.swift; path = BaseRouter.swift; sourceTree = "<group>"; };
		84BB39872BC1E0700011170F /* BaseViewController.swift */ = {isa = PBXFileReference; lastKnownFileType = sourcecode.swift; path = BaseViewController.swift; sourceTree = "<group>"; };
		84BB39892BC1E0780011170F /* BaseViewModel.swift */ = {isa = PBXFileReference; lastKnownFileType = sourcecode.swift; path = BaseViewModel.swift; sourceTree = "<group>"; };
		84BB398B2BC1E08F0011170F /* BaseView.swift */ = {isa = PBXFileReference; lastKnownFileType = sourcecode.swift; path = BaseView.swift; sourceTree = "<group>"; };
		84BB398E2BC1E0BC0011170F /* ClosureHelper.swift */ = {isa = PBXFileReference; lastKnownFileType = sourcecode.swift; path = ClosureHelper.swift; sourceTree = "<group>"; };
		84BB39902BC1E0E20011170F /* Transition.swift */ = {isa = PBXFileReference; lastKnownFileType = sourcecode.swift; path = Transition.swift; sourceTree = "<group>"; };
		84BB39932BC1E1510011170F /* ModalTransition.swift */ = {isa = PBXFileReference; lastKnownFileType = sourcecode.swift; path = ModalTransition.swift; sourceTree = "<group>"; };
		84BB39952BC1E1AB0011170F /* PushTransition.swift */ = {isa = PBXFileReference; lastKnownFileType = sourcecode.swift; path = PushTransition.swift; sourceTree = "<group>"; };
		84BE17612BC353F500250DD8 /* UserDefaultsKeys.swift */ = {isa = PBXFileReference; lastKnownFileType = sourcecode.swift; path = UserDefaultsKeys.swift; sourceTree = "<group>"; };
/* End PBXFileReference section */

/* Begin PBXFrameworksBuildPhase section */
		84BB39432BC1D34F0011170F /* Frameworks */ = {
			isa = PBXFrameworksBuildPhase;
			buildActionMask = 2147483647;
			files = (
			);
			runOnlyForDeploymentPostprocessing = 0;
		};
		84BB39592BC1D3500011170F /* Frameworks */ = {
			isa = PBXFrameworksBuildPhase;
			buildActionMask = 2147483647;
			files = (
			);
			runOnlyForDeploymentPostprocessing = 0;
		};
		84BB39632BC1D3500011170F /* Frameworks */ = {
			isa = PBXFrameworksBuildPhase;
			buildActionMask = 2147483647;
			files = (
			);
			runOnlyForDeploymentPostprocessing = 0;
		};
/* End PBXFrameworksBuildPhase section */

/* Begin PBXGroup section */
		84014E482BC2C055004405E9 /* DataProvider */ = {
			isa = PBXGroup;
			children = (
				84014E492BC2C06D004405E9 /* Models */,
			);
			path = DataProvider;
			sourceTree = "<group>";
		};
		84014E492BC2C06D004405E9 /* Models */ = {
			isa = PBXGroup;
			children = (
				84014E4A2BC2C077004405E9 /* Location.swift */,
			);
			path = Models;
			sourceTree = "<group>";
		};
		84B901A42BC1FF0700A93605 /* Extensions */ = {
			isa = PBXGroup;
			children = (
				84B901A52BC1FF2600A93605 /* UIView+Extension.swift */,
				84B901C32BC2942B00A93605 /* Int+Extension.swift */,
			);
			path = Extensions;
			sourceTree = "<group>";
		};
		84B901A72BC2004E00A93605 /* TrackMapView */ = {
			isa = PBXGroup;
			children = (
				84B901A82BC2005D00A93605 /* TrackMapViewController.swift */,
				84B901AA2BC2006700A93605 /* TrackMapViewModel.swift */,
				84B901AC2BC2007400A93605 /* TrackMapViewRouter.swift */,
			);
			path = TrackMapView;
			sourceTree = "<group>";
		};
		84B901B22BC2041500A93605 /* Assets */ = {
			isa = PBXGroup;
			children = (
				84BB39522BC1D3500011170F /* Assets.xcassets */,
			);
			path = Assets;
			sourceTree = "<group>";
		};
		84B901BD2BC2879F00A93605 /* UIComponents */ = {
			isa = PBXGroup;
			children = (
			);
			path = UIComponents;
			sourceTree = "<group>";
		};
		84B901C62BC296A100A93605 /* Managers */ = {
			isa = PBXGroup;
			children = (
				84B901C72BC296AF00A93605 /* LocationManager.swift */,
			);
			path = Managers;
			sourceTree = "<group>";
		};
		84BB393D2BC1D34F0011170F = {
			isa = PBXGroup;
			children = (
				84BB39482BC1D34F0011170F /* TrackLocation */,
				84BB395F2BC1D3500011170F /* TrackLocationTests */,
				84BB39692BC1D3500011170F /* TrackLocationUITests */,
				84BB39472BC1D34F0011170F /* Products */,
			);
			sourceTree = "<group>";
		};
		84BB39472BC1D34F0011170F /* Products */ = {
			isa = PBXGroup;
			children = (
				84BB39462BC1D34F0011170F /* TrackLocation.app */,
				84BB395C2BC1D3500011170F /* TrackLocationTests.xctest */,
				84BB39662BC1D3500011170F /* TrackLocationUITests.xctest */,
			);
			name = Products;
			sourceTree = "<group>";
		};
		84BB39482BC1D34F0011170F /* TrackLocation */ = {
			isa = PBXGroup;
			children = (
				84014E482BC2C055004405E9 /* DataProvider */,
				84B901BD2BC2879F00A93605 /* UIComponents */,
				84BB39832BC1E0450011170F /* Utilities */,
				84BB397A2BC1DFC20011170F /* AppDelegate */,
				84BB39792BC1DFB20011170F /* Scenes */,
				84BB39572BC1D3500011170F /* Info.plist */,
			);
			path = TrackLocation;
			sourceTree = "<group>";
		};
		84BB395F2BC1D3500011170F /* TrackLocationTests */ = {
			isa = PBXGroup;
			children = (
				84BB39602BC1D3500011170F /* TrackLocationTests.swift */,
			);
			path = TrackLocationTests;
			sourceTree = "<group>";
		};
		84BB39692BC1D3500011170F /* TrackLocationUITests */ = {
			isa = PBXGroup;
			children = (
				84BB396A2BC1D3500011170F /* TrackLocationUITests.swift */,
				84BB396C2BC1D3500011170F /* TrackLocationUITestsLaunchTests.swift */,
			);
			path = TrackLocationUITests;
			sourceTree = "<group>";
		};
		84BB39792BC1DFB20011170F /* Scenes */ = {
			isa = PBXGroup;
			children = (
				84B901A72BC2004E00A93605 /* TrackMapView */,
				84BB397B2BC1DFD50011170F /* SplashScreen */,
			);
			path = Scenes;
			sourceTree = "<group>";
		};
		84BB397A2BC1DFC20011170F /* AppDelegate */ = {
			isa = PBXGroup;
			children = (
				84BB39492BC1D34F0011170F /* AppDelegate.swift */,
			);
			path = AppDelegate;
			sourceTree = "<group>";
		};
		84BB397B2BC1DFD50011170F /* SplashScreen */ = {
			isa = PBXGroup;
			children = (
				84BB394D2BC1D34F0011170F /* SplashScreenViewController.swift */,
				84BB397C2BC1DFFB0011170F /* SplashScreenViewModel.swift */,
				84BB397E2BC1E00D0011170F /* SplashScreenRouter.swift */,
			);
			path = SplashScreen;
			sourceTree = "<group>";
		};
		84BB39802BC1E0230011170F /* Routes */ = {
			isa = PBXGroup;
			children = (
				84BB39812BC1E0370011170F /* AppRoute.swift */,
				84B901AE2BC2007F00A93605 /* TrackMapViewRoute.swift */,
			);
			path = Routes;
			sourceTree = "<group>";
		};
		84BB39832BC1E0450011170F /* Utilities */ = {
			isa = PBXGroup;
			children = (
				84BE17602BC353E200250DD8 /* Keys */,
				84B901C62BC296A100A93605 /* Managers */,
				84B901B22BC2041500A93605 /* Assets */,
				84B901A42BC1FF0700A93605 /* Extensions */,
				84BB398D2BC1E0AC0011170F /* Helper */,
				84BB39842BC1E0520011170F /* Bases */,
				84BB39802BC1E0230011170F /* Routes */,
			);
			path = Utilities;
			sourceTree = "<group>";
		};
		84BB39842BC1E0520011170F /* Bases */ = {
			isa = PBXGroup;
			children = (
				84BB39852BC1E0640011170F /* BaseRouter.swift */,
				84BB39872BC1E0700011170F /* BaseViewController.swift */,
				84BB39892BC1E0780011170F /* BaseViewModel.swift */,
				84BB398B2BC1E08F0011170F /* BaseView.swift */,
				84B901B02BC2037500A93605 /* BaseNavigationController.swift */,
			);
			path = Bases;
			sourceTree = "<group>";
		};
		84BB398D2BC1E0AC0011170F /* Helper */ = {
			isa = PBXGroup;
			children = (
				84BB39922BC1E1390011170F /* TransitionHelper */,
				84BB398E2BC1E0BC0011170F /* ClosureHelper.swift */,
			);
			path = Helper;
			sourceTree = "<group>";
		};
		84BB39922BC1E1390011170F /* TransitionHelper */ = {
			isa = PBXGroup;
			children = (
				84BB39902BC1E0E20011170F /* Transition.swift */,
				84BB39932BC1E1510011170F /* ModalTransition.swift */,
				84BB39952BC1E1AB0011170F /* PushTransition.swift */,
			);
			path = TransitionHelper;
			sourceTree = "<group>";
		};
		84BE17602BC353E200250DD8 /* Keys */ = {
			isa = PBXGroup;
			children = (
				84BE17612BC353F500250DD8 /* UserDefaultsKeys.swift */,
			);
			path = Keys;
			sourceTree = "<group>";
		};
/* End PBXGroup section */

/* Begin PBXNativeTarget section */
		84BB39452BC1D34F0011170F /* TrackLocation */ = {
			isa = PBXNativeTarget;
			buildConfigurationList = 84BB39702BC1D3500011170F /* Build configuration list for PBXNativeTarget "TrackLocation" */;
			buildPhases = (
				84BB39422BC1D34F0011170F /* Sources */,
				84BB39432BC1D34F0011170F /* Frameworks */,
				84BB39442BC1D34F0011170F /* Resources */,
			);
			buildRules = (
			);
			dependencies = (
			);
			name = TrackLocation;
			productName = TrackLocation;
			productReference = 84BB39462BC1D34F0011170F /* TrackLocation.app */;
			productType = "com.apple.product-type.application";
		};
		84BB395B2BC1D3500011170F /* TrackLocationTests */ = {
			isa = PBXNativeTarget;
			buildConfigurationList = 84BB39732BC1D3500011170F /* Build configuration list for PBXNativeTarget "TrackLocationTests" */;
			buildPhases = (
				84BB39582BC1D3500011170F /* Sources */,
				84BB39592BC1D3500011170F /* Frameworks */,
				84BB395A2BC1D3500011170F /* Resources */,
			);
			buildRules = (
			);
			dependencies = (
				84BB395E2BC1D3500011170F /* PBXTargetDependency */,
			);
			name = TrackLocationTests;
			productName = TrackLocationTests;
			productReference = 84BB395C2BC1D3500011170F /* TrackLocationTests.xctest */;
			productType = "com.apple.product-type.bundle.unit-test";
		};
		84BB39652BC1D3500011170F /* TrackLocationUITests */ = {
			isa = PBXNativeTarget;
			buildConfigurationList = 84BB39762BC1D3500011170F /* Build configuration list for PBXNativeTarget "TrackLocationUITests" */;
			buildPhases = (
				84BB39622BC1D3500011170F /* Sources */,
				84BB39632BC1D3500011170F /* Frameworks */,
				84BB39642BC1D3500011170F /* Resources */,
			);
			buildRules = (
			);
			dependencies = (
				84BB39682BC1D3500011170F /* PBXTargetDependency */,
			);
			name = TrackLocationUITests;
			productName = TrackLocationUITests;
			productReference = 84BB39662BC1D3500011170F /* TrackLocationUITests.xctest */;
			productType = "com.apple.product-type.bundle.ui-testing";
		};
/* End PBXNativeTarget section */

/* Begin PBXProject section */
		84BB393E2BC1D34F0011170F /* Project object */ = {
			isa = PBXProject;
			attributes = {
				BuildIndependentTargetsInParallel = 1;
				LastSwiftUpdateCheck = 1530;
				LastUpgradeCheck = 1530;
				TargetAttributes = {
					84BB39452BC1D34F0011170F = {
						CreatedOnToolsVersion = 15.3;
					};
					84BB395B2BC1D3500011170F = {
						CreatedOnToolsVersion = 15.3;
						TestTargetID = 84BB39452BC1D34F0011170F;
					};
					84BB39652BC1D3500011170F = {
						CreatedOnToolsVersion = 15.3;
						TestTargetID = 84BB39452BC1D34F0011170F;
					};
				};
			};
			buildConfigurationList = 84BB39412BC1D34F0011170F /* Build configuration list for PBXProject "TrackLocation" */;
			compatibilityVersion = "Xcode 14.0";
			developmentRegion = en;
			hasScannedForEncodings = 0;
			knownRegions = (
				en,
				Base,
			);
			mainGroup = 84BB393D2BC1D34F0011170F;
			productRefGroup = 84BB39472BC1D34F0011170F /* Products */;
			projectDirPath = "";
			projectRoot = "";
			targets = (
				84BB39452BC1D34F0011170F /* TrackLocation */,
				84BB395B2BC1D3500011170F /* TrackLocationTests */,
				84BB39652BC1D3500011170F /* TrackLocationUITests */,
			);
		};
/* End PBXProject section */

/* Begin PBXResourcesBuildPhase section */
		84BB39442BC1D34F0011170F /* Resources */ = {
			isa = PBXResourcesBuildPhase;
			buildActionMask = 2147483647;
			files = (
				84BB39532BC1D3500011170F /* Assets.xcassets in Resources */,
			);
			runOnlyForDeploymentPostprocessing = 0;
		};
		84BB395A2BC1D3500011170F /* Resources */ = {
			isa = PBXResourcesBuildPhase;
			buildActionMask = 2147483647;
			files = (
			);
			runOnlyForDeploymentPostprocessing = 0;
		};
		84BB39642BC1D3500011170F /* Resources */ = {
			isa = PBXResourcesBuildPhase;
			buildActionMask = 2147483647;
			files = (
			);
			runOnlyForDeploymentPostprocessing = 0;
		};
/* End PBXResourcesBuildPhase section */

/* Begin PBXSourcesBuildPhase section */
		84BB39422BC1D34F0011170F /* Sources */ = {
			isa = PBXSourcesBuildPhase;
			buildActionMask = 2147483647;
			files = (
				84BB39942BC1E1510011170F /* ModalTransition.swift in Sources */,
				84B901AB2BC2006700A93605 /* TrackMapViewModel.swift in Sources */,
				84BB394E2BC1D34F0011170F /* SplashScreenViewController.swift in Sources */,
				84BB39862BC1E0640011170F /* BaseRouter.swift in Sources */,
				84BB394A2BC1D34F0011170F /* AppDelegate.swift in Sources */,
				84B901C42BC2942B00A93605 /* Int+Extension.swift in Sources */,
				84B901AD2BC2007400A93605 /* TrackMapViewRouter.swift in Sources */,
				84B901C82BC296AF00A93605 /* LocationManager.swift in Sources */,
				84B901B12BC2037500A93605 /* BaseNavigationController.swift in Sources */,
				84BB397D2BC1DFFB0011170F /* SplashScreenViewModel.swift in Sources */,
				84BB39962BC1E1AB0011170F /* PushTransition.swift in Sources */,
				84BB397F2BC1E00D0011170F /* SplashScreenRouter.swift in Sources */,
				84014E4B2BC2C077004405E9 /* Location.swift in Sources */,
				84BB398F2BC1E0BC0011170F /* ClosureHelper.swift in Sources */,
				84BE17622BC353F500250DD8 /* UserDefaultsKeys.swift in Sources */,
				84B901A62BC1FF2600A93605 /* UIView+Extension.swift in Sources */,
				84BB398A2BC1E0780011170F /* BaseViewModel.swift in Sources */,
				84BB39912BC1E0E20011170F /* Transition.swift in Sources */,
				84B901A92BC2005D00A93605 /* TrackMapViewController.swift in Sources */,
				84BB398C2BC1E08F0011170F /* BaseView.swift in Sources */,
				84B901AF2BC2007F00A93605 /* TrackMapViewRoute.swift in Sources */,
				84BB39882BC1E0700011170F /* BaseViewController.swift in Sources */,
				84BB39822BC1E0370011170F /* AppRoute.swift in Sources */,
			);
			runOnlyForDeploymentPostprocessing = 0;
		};
		84BB39582BC1D3500011170F /* Sources */ = {
			isa = PBXSourcesBuildPhase;
			buildActionMask = 2147483647;
			files = (
				84BB39612BC1D3500011170F /* TrackLocationTests.swift in Sources */,
			);
			runOnlyForDeploymentPostprocessing = 0;
		};
		84BB39622BC1D3500011170F /* Sources */ = {
			isa = PBXSourcesBuildPhase;
			buildActionMask = 2147483647;
			files = (
				84BB396B2BC1D3500011170F /* TrackLocationUITests.swift in Sources */,
				84BB396D2BC1D3500011170F /* TrackLocationUITestsLaunchTests.swift in Sources */,
			);
			runOnlyForDeploymentPostprocessing = 0;
		};
/* End PBXSourcesBuildPhase section */

/* Begin PBXTargetDependency section */
		84BB395E2BC1D3500011170F /* PBXTargetDependency */ = {
			isa = PBXTargetDependency;
			target = 84BB39452BC1D34F0011170F /* TrackLocation */;
			targetProxy = 84BB395D2BC1D3500011170F /* PBXContainerItemProxy */;
		};
		84BB39682BC1D3500011170F /* PBXTargetDependency */ = {
			isa = PBXTargetDependency;
			target = 84BB39452BC1D34F0011170F /* TrackLocation */;
			targetProxy = 84BB39672BC1D3500011170F /* PBXContainerItemProxy */;
		};
/* End PBXTargetDependency section */

/* Begin XCBuildConfiguration section */
		84BB396E2BC1D3500011170F /* Debug */ = {
			isa = XCBuildConfiguration;
			buildSettings = {
				ALWAYS_SEARCH_USER_PATHS = NO;
				ASSETCATALOG_COMPILER_GENERATE_SWIFT_ASSET_SYMBOL_EXTENSIONS = YES;
				CLANG_ANALYZER_NONNULL = YES;
				CLANG_ANALYZER_NUMBER_OBJECT_CONVERSION = YES_AGGRESSIVE;
				CLANG_CXX_LANGUAGE_STANDARD = "gnu++20";
				CLANG_ENABLE_MODULES = YES;
				CLANG_ENABLE_OBJC_ARC = YES;
				CLANG_ENABLE_OBJC_WEAK = YES;
				CLANG_WARN_BLOCK_CAPTURE_AUTORELEASING = YES;
				CLANG_WARN_BOOL_CONVERSION = YES;
				CLANG_WARN_COMMA = YES;
				CLANG_WARN_CONSTANT_CONVERSION = YES;
				CLANG_WARN_DEPRECATED_OBJC_IMPLEMENTATIONS = YES;
				CLANG_WARN_DIRECT_OBJC_ISA_USAGE = YES_ERROR;
				CLANG_WARN_DOCUMENTATION_COMMENTS = YES;
				CLANG_WARN_EMPTY_BODY = YES;
				CLANG_WARN_ENUM_CONVERSION = YES;
				CLANG_WARN_INFINITE_RECURSION = YES;
				CLANG_WARN_INT_CONVERSION = YES;
				CLANG_WARN_NON_LITERAL_NULL_CONVERSION = YES;
				CLANG_WARN_OBJC_IMPLICIT_RETAIN_SELF = YES;
				CLANG_WARN_OBJC_LITERAL_CONVERSION = YES;
				CLANG_WARN_OBJC_ROOT_CLASS = YES_ERROR;
				CLANG_WARN_QUOTED_INCLUDE_IN_FRAMEWORK_HEADER = YES;
				CLANG_WARN_RANGE_LOOP_ANALYSIS = YES;
				CLANG_WARN_STRICT_PROTOTYPES = YES;
				CLANG_WARN_SUSPICIOUS_MOVE = YES;
				CLANG_WARN_UNGUARDED_AVAILABILITY = YES_AGGRESSIVE;
				CLANG_WARN_UNREACHABLE_CODE = YES;
				CLANG_WARN__DUPLICATE_METHOD_MATCH = YES;
				COPY_PHASE_STRIP = NO;
				DEBUG_INFORMATION_FORMAT = dwarf;
				ENABLE_STRICT_OBJC_MSGSEND = YES;
				ENABLE_TESTABILITY = YES;
				ENABLE_USER_SCRIPT_SANDBOXING = YES;
				GCC_C_LANGUAGE_STANDARD = gnu17;
				GCC_DYNAMIC_NO_PIC = NO;
				GCC_NO_COMMON_BLOCKS = YES;
				GCC_OPTIMIZATION_LEVEL = 0;
				GCC_PREPROCESSOR_DEFINITIONS = (
					"DEBUG=1",
					"$(inherited)",
				);
				GCC_WARN_64_TO_32_BIT_CONVERSION = YES;
				GCC_WARN_ABOUT_RETURN_TYPE = YES_ERROR;
				GCC_WARN_UNDECLARED_SELECTOR = YES;
				GCC_WARN_UNINITIALIZED_AUTOS = YES_AGGRESSIVE;
				GCC_WARN_UNUSED_FUNCTION = YES;
				GCC_WARN_UNUSED_VARIABLE = YES;
				IPHONEOS_DEPLOYMENT_TARGET = 17.4;
				LOCALIZATION_PREFERS_STRING_CATALOGS = YES;
				MTL_ENABLE_DEBUG_INFO = INCLUDE_SOURCE;
				MTL_FAST_MATH = YES;
				ONLY_ACTIVE_ARCH = YES;
				SDKROOT = iphoneos;
				SWIFT_ACTIVE_COMPILATION_CONDITIONS = "DEBUG $(inherited)";
				SWIFT_OPTIMIZATION_LEVEL = "-Onone";
			};
			name = Debug;
		};
		84BB396F2BC1D3500011170F /* Release */ = {
			isa = XCBuildConfiguration;
			buildSettings = {
				ALWAYS_SEARCH_USER_PATHS = NO;
				ASSETCATALOG_COMPILER_GENERATE_SWIFT_ASSET_SYMBOL_EXTENSIONS = YES;
				CLANG_ANALYZER_NONNULL = YES;
				CLANG_ANALYZER_NUMBER_OBJECT_CONVERSION = YES_AGGRESSIVE;
				CLANG_CXX_LANGUAGE_STANDARD = "gnu++20";
				CLANG_ENABLE_MODULES = YES;
				CLANG_ENABLE_OBJC_ARC = YES;
				CLANG_ENABLE_OBJC_WEAK = YES;
				CLANG_WARN_BLOCK_CAPTURE_AUTORELEASING = YES;
				CLANG_WARN_BOOL_CONVERSION = YES;
				CLANG_WARN_COMMA = YES;
				CLANG_WARN_CONSTANT_CONVERSION = YES;
				CLANG_WARN_DEPRECATED_OBJC_IMPLEMENTATIONS = YES;
				CLANG_WARN_DIRECT_OBJC_ISA_USAGE = YES_ERROR;
				CLANG_WARN_DOCUMENTATION_COMMENTS = YES;
				CLANG_WARN_EMPTY_BODY = YES;
				CLANG_WARN_ENUM_CONVERSION = YES;
				CLANG_WARN_INFINITE_RECURSION = YES;
				CLANG_WARN_INT_CONVERSION = YES;
				CLANG_WARN_NON_LITERAL_NULL_CONVERSION = YES;
				CLANG_WARN_OBJC_IMPLICIT_RETAIN_SELF = YES;
				CLANG_WARN_OBJC_LITERAL_CONVERSION = YES;
				CLANG_WARN_OBJC_ROOT_CLASS = YES_ERROR;
				CLANG_WARN_QUOTED_INCLUDE_IN_FRAMEWORK_HEADER = YES;
				CLANG_WARN_RANGE_LOOP_ANALYSIS = YES;
				CLANG_WARN_STRICT_PROTOTYPES = YES;
				CLANG_WARN_SUSPICIOUS_MOVE = YES;
				CLANG_WARN_UNGUARDED_AVAILABILITY = YES_AGGRESSIVE;
				CLANG_WARN_UNREACHABLE_CODE = YES;
				CLANG_WARN__DUPLICATE_METHOD_MATCH = YES;
				COPY_PHASE_STRIP = NO;
				DEBUG_INFORMATION_FORMAT = "dwarf-with-dsym";
				ENABLE_NS_ASSERTIONS = NO;
				ENABLE_STRICT_OBJC_MSGSEND = YES;
				ENABLE_USER_SCRIPT_SANDBOXING = YES;
				GCC_C_LANGUAGE_STANDARD = gnu17;
				GCC_NO_COMMON_BLOCKS = YES;
				GCC_WARN_64_TO_32_BIT_CONVERSION = YES;
				GCC_WARN_ABOUT_RETURN_TYPE = YES_ERROR;
				GCC_WARN_UNDECLARED_SELECTOR = YES;
				GCC_WARN_UNINITIALIZED_AUTOS = YES_AGGRESSIVE;
				GCC_WARN_UNUSED_FUNCTION = YES;
				GCC_WARN_UNUSED_VARIABLE = YES;
				IPHONEOS_DEPLOYMENT_TARGET = 17.4;
				LOCALIZATION_PREFERS_STRING_CATALOGS = YES;
				MTL_ENABLE_DEBUG_INFO = NO;
				MTL_FAST_MATH = YES;
				SDKROOT = iphoneos;
				SWIFT_COMPILATION_MODE = wholemodule;
				VALIDATE_PRODUCT = YES;
			};
			name = Release;
		};
		84BB39712BC1D3500011170F /* Debug */ = {
			isa = XCBuildConfiguration;
			buildSettings = {
				ASSETCATALOG_COMPILER_APPICON_NAME = AppIcon;
				ASSETCATALOG_COMPILER_GLOBAL_ACCENT_COLOR_NAME = AccentColor;
				CODE_SIGN_IDENTITY = "Apple Development";
				CODE_SIGN_STYLE = Automatic;
				CURRENT_PROJECT_VERSION = 1;
				DEVELOPMENT_TEAM = R2B98N6BH8;
				GENERATE_INFOPLIST_FILE = YES;
				INFOPLIST_FILE = TrackLocation/Info.plist;
				INFOPLIST_KEY_UIApplicationSupportsIndirectInputEvents = YES;
				INFOPLIST_KEY_UILaunchStoryboardName = LaunchScreen;
				INFOPLIST_KEY_UISupportedInterfaceOrientations_iPad = "UIInterfaceOrientationPortrait UIInterfaceOrientationPortraitUpsideDown UIInterfaceOrientationLandscapeLeft UIInterfaceOrientationLandscapeRight";
				INFOPLIST_KEY_UISupportedInterfaceOrientations_iPhone = "UIInterfaceOrientationPortrait UIInterfaceOrientationLandscapeLeft UIInterfaceOrientationLandscapeRight";
				IPHONEOS_DEPLOYMENT_TARGET = 16.0;
				LD_RUNPATH_SEARCH_PATHS = (
					"$(inherited)",
					"@executable_path/Frameworks",
				);
				MARKETING_VERSION = 1.0;
				PRODUCT_BUNDLE_IDENTIFIER = com.oguzhankabul.TrackLocation;
				PRODUCT_NAME = "$(TARGET_NAME)";
				PROVISIONING_PROFILE_SPECIFIER = "";
				SWIFT_EMIT_LOC_STRINGS = YES;
				SWIFT_VERSION = 5.0;
				TARGETED_DEVICE_FAMILY = "1,2";
			};
			name = Debug;
		};
		84BB39722BC1D3500011170F /* Release */ = {
			isa = XCBuildConfiguration;
			buildSettings = {
				ASSETCATALOG_COMPILER_APPICON_NAME = AppIcon;
				ASSETCATALOG_COMPILER_GLOBAL_ACCENT_COLOR_NAME = AccentColor;
				CODE_SIGN_IDENTITY = "Apple Development";
				CODE_SIGN_STYLE = Automatic;
				CURRENT_PROJECT_VERSION = 1;
				DEVELOPMENT_TEAM = R2B98N6BH8;
				GENERATE_INFOPLIST_FILE = YES;
				INFOPLIST_FILE = TrackLocation/Info.plist;
				INFOPLIST_KEY_UIApplicationSupportsIndirectInputEvents = YES;
				INFOPLIST_KEY_UILaunchStoryboardName = LaunchScreen;
				INFOPLIST_KEY_UISupportedInterfaceOrientations_iPad = "UIInterfaceOrientationPortrait UIInterfaceOrientationPortraitUpsideDown UIInterfaceOrientationLandscapeLeft UIInterfaceOrientationLandscapeRight";
				INFOPLIST_KEY_UISupportedInterfaceOrientations_iPhone = "UIInterfaceOrientationPortrait UIInterfaceOrientationLandscapeLeft UIInterfaceOrientationLandscapeRight";
				IPHONEOS_DEPLOYMENT_TARGET = 16.0;
				LD_RUNPATH_SEARCH_PATHS = (
					"$(inherited)",
					"@executable_path/Frameworks",
				);
				MARKETING_VERSION = 1.0;
				PRODUCT_BUNDLE_IDENTIFIER = com.oguzhankabul.TrackLocation;
				PRODUCT_NAME = "$(TARGET_NAME)";
				PROVISIONING_PROFILE_SPECIFIER = "";
				SWIFT_EMIT_LOC_STRINGS = YES;
				SWIFT_VERSION = 5.0;
				TARGETED_DEVICE_FAMILY = "1,2";
			};
			name = Release;
		};
		84BB39742BC1D3500011170F /* Debug */ = {
			isa = XCBuildConfiguration;
			buildSettings = {
				ALWAYS_EMBED_SWIFT_STANDARD_LIBRARIES = YES;
				BUNDLE_LOADER = "$(TEST_HOST)";
				CODE_SIGN_STYLE = Automatic;
				CURRENT_PROJECT_VERSION = 1;
				DEVELOPMENT_TEAM = R2B98N6BH8;
				GENERATE_INFOPLIST_FILE = YES;
				IPHONEOS_DEPLOYMENT_TARGET = 17.4;
				MARKETING_VERSION = 1.0;
				PRODUCT_BUNDLE_IDENTIFIER = com.oguzhankabul.TrackLocationTests;
				PRODUCT_NAME = "$(TARGET_NAME)";
				SWIFT_EMIT_LOC_STRINGS = NO;
				SWIFT_VERSION = 5.0;
				TARGETED_DEVICE_FAMILY = "1,2";
				TEST_HOST = "$(BUILT_PRODUCTS_DIR)/TrackLocation.app/$(BUNDLE_EXECUTABLE_FOLDER_PATH)/TrackLocation";
			};
			name = Debug;
		};
		84BB39752BC1D3500011170F /* Release */ = {
			isa = XCBuildConfiguration;
			buildSettings = {
				ALWAYS_EMBED_SWIFT_STANDARD_LIBRARIES = YES;
				BUNDLE_LOADER = "$(TEST_HOST)";
				CODE_SIGN_STYLE = Automatic;
				CURRENT_PROJECT_VERSION = 1;
				DEVELOPMENT_TEAM = R2B98N6BH8;
				GENERATE_INFOPLIST_FILE = YES;
				IPHONEOS_DEPLOYMENT_TARGET = 17.4;
				MARKETING_VERSION = 1.0;
				PRODUCT_BUNDLE_IDENTIFIER = com.oguzhankabul.TrackLocationTests;
				PRODUCT_NAME = "$(TARGET_NAME)";
				SWIFT_EMIT_LOC_STRINGS = NO;
				SWIFT_VERSION = 5.0;
				TARGETED_DEVICE_FAMILY = "1,2";
				TEST_HOST = "$(BUILT_PRODUCTS_DIR)/TrackLocation.app/$(BUNDLE_EXECUTABLE_FOLDER_PATH)/TrackLocation";
			};
			name = Release;
		};
		84BB39772BC1D3500011170F /* Debug */ = {
			isa = XCBuildConfiguration;
			buildSettings = {
				ALWAYS_EMBED_SWIFT_STANDARD_LIBRARIES = YES;
				CODE_SIGN_STYLE = Automatic;
				CURRENT_PROJECT_VERSION = 1;
				DEVELOPMENT_TEAM = R2B98N6BH8;
				GENERATE_INFOPLIST_FILE = YES;
				MARKETING_VERSION = 1.0;
				PRODUCT_BUNDLE_IDENTIFIER = com.oguzhankabul.TrackLocationUITests;
				PRODUCT_NAME = "$(TARGET_NAME)";
				SWIFT_EMIT_LOC_STRINGS = NO;
				SWIFT_VERSION = 5.0;
				TARGETED_DEVICE_FAMILY = "1,2";
				TEST_TARGET_NAME = TrackLocation;
			};
			name = Debug;
		};
		84BB39782BC1D3500011170F /* Release */ = {
			isa = XCBuildConfiguration;
			buildSettings = {
				ALWAYS_EMBED_SWIFT_STANDARD_LIBRARIES = YES;
				CODE_SIGN_STYLE = Automatic;
				CURRENT_PROJECT_VERSION = 1;
				DEVELOPMENT_TEAM = R2B98N6BH8;
				GENERATE_INFOPLIST_FILE = YES;
				MARKETING_VERSION = 1.0;
				PRODUCT_BUNDLE_IDENTIFIER = com.oguzhankabul.TrackLocationUITests;
				PRODUCT_NAME = "$(TARGET_NAME)";
				SWIFT_EMIT_LOC_STRINGS = NO;
				SWIFT_VERSION = 5.0;
				TARGETED_DEVICE_FAMILY = "1,2";
				TEST_TARGET_NAME = TrackLocation;
			};
			name = Release;
		};
/* End XCBuildConfiguration section */

/* Begin XCConfigurationList section */
		84BB39412BC1D34F0011170F /* Build configuration list for PBXProject "TrackLocation" */ = {
			isa = XCConfigurationList;
			buildConfigurations = (
				84BB396E2BC1D3500011170F /* Debug */,
				84BB396F2BC1D3500011170F /* Release */,
			);
			defaultConfigurationIsVisible = 0;
			defaultConfigurationName = Release;
		};
		84BB39702BC1D3500011170F /* Build configuration list for PBXNativeTarget "TrackLocation" */ = {
			isa = XCConfigurationList;
			buildConfigurations = (
				84BB39712BC1D3500011170F /* Debug */,
				84BB39722BC1D3500011170F /* Release */,
			);
			defaultConfigurationIsVisible = 0;
			defaultConfigurationName = Release;
		};
		84BB39732BC1D3500011170F /* Build configuration list for PBXNativeTarget "TrackLocationTests" */ = {
			isa = XCConfigurationList;
			buildConfigurations = (
				84BB39742BC1D3500011170F /* Debug */,
				84BB39752BC1D3500011170F /* Release */,
			);
			defaultConfigurationIsVisible = 0;
			defaultConfigurationName = Release;
		};
		84BB39762BC1D3500011170F /* Build configuration list for PBXNativeTarget "TrackLocationUITests" */ = {
			isa = XCConfigurationList;
			buildConfigurations = (
				84BB39772BC1D3500011170F /* Debug */,
				84BB39782BC1D3500011170F /* Release */,
			);
			defaultConfigurationIsVisible = 0;
			defaultConfigurationName = Release;
		};
/* End XCConfigurationList section */
	};
	rootObject = 84BB393E2BC1D34F0011170F /* Project object */;
}
